
Microsoft Visual Studio Solution File, Format Version 12.00
# Visual Studio Version 16
VisualStudioVersion = 16.0.31019.35
MinimumVisualStudioVersion = 10.0.40219.1
Project("{9A19103F-16F7-4668-BE54-9A1E7A4F7556}") = "WebForm", "WebForm\WebForm.csproj", "{128952A4-2F5D-4D3A-A758-9DB83066D845}"
EndProject
Global
	GlobalSection(SolutionConfigurationPlatforms) = preSolution
		Debug|Any CPU = Debug|Any CPU
		Release|Any CPU = Release|Any CPU
	EndGlobalSection
	GlobalSection(ProjectConfigurationPlatforms) = postSolution
		{128952A4-2F5D-4D3A-A758-9DB83066D845}.Debug|Any CPU.ActiveCfg = Debug|Any CPU
		{128952A4-2F5D-4D3A-A758-9DB83066D845}.Debug|Any CPU.Build.0 = Debug|Any CPU
		{128952A4-2F5D-4D3A-A758-9DB83066D845}.Release|Any CPU.ActiveCfg = Release|Any CPU
		{128952A4-2F5D-4D3A-A758-9DB83066D845}.Release|Any CPU.Build.0 = Release|Any CPU
	EndGlobalSection
	GlobalSection(SolutionProperties) = preSolution
		HideSolutionNode = FALSE
	EndGlobalSection
	GlobalSection(ExtensibilityGlobals) = postSolution
		SolutionGuid = {66012858-E268-4753-8482-0163269DE248}
	EndGlobalSection
EndGlobal
